
Microsoft Visual Studio Solution File, Format Version 12.00
# Visual Studio Version 16
VisualStudioVersion = 16.0.28917.181
MinimumVisualStudioVersion = 10.0.40219.1
Project("{FAE04EC0-301F-11D3-BF4B-00C04F79EFBC}") = "CSC395_HW5", "CSC395_HW5\CSC395_HW5.csproj", "{7CEEF732-6C68-4C7D-B68E-CC2DEA38AB61}"
EndProject
Global
	GlobalSection(SolutionConfigurationPlatforms) = preSolution
		Debug|Any CPU = Debug|Any CPU
		Release|Any CPU = Release|Any CPU
	EndGlobalSection
	GlobalSection(ProjectConfigurationPlatforms) = postSolution
		{7CEEF732-6C68-4C7D-B68E-CC2DEA38AB61}.Debug|Any CPU.ActiveCfg = Debug|Any CPU
		{7CEEF732-6C68-4C7D-B68E-CC2DEA38AB61}.Debug|Any CPU.Build.0 = Debug|Any CPU
		{7CEEF732-6C68-4C7D-B68E-CC2DEA38AB61}.Release|Any CPU.ActiveCfg = Release|Any CPU
		{7CEEF732-6C68-4C7D-B68E-CC2DEA38AB61}.Release|Any CPU.Build.0 = Release|Any CPU
	EndGlobalSection
	GlobalSection(SolutionProperties) = preSolution
		HideSolutionNode = FALSE
	EndGlobalSection
	GlobalSection(ExtensibilityGlobals) = postSolution
		SolutionGuid = {FFEA230B-F221-453F-B2DE-6D654A20D4AE}
	EndGlobalSection
EndGlobal
